
Microsoft Visual Studio Solution File, Format Version 12.00
# Visual Studio Version 16
VisualStudioVersion = 16.0.32802.440
MinimumVisualStudioVersion = 10.0.40219.1
Project("{FAE04EC0-301F-11D3-BF4B-00C04F79EFBC}") = "delegate", "delegate\delegate.csproj", "{7AD9E14D-C0BC-47C0-89F3-F0192F3E158E}"
EndProject
Global
	GlobalSection(SolutionConfigurationPlatforms) = preSolution
		Debug|Any CPU = Debug|Any CPU
		Release|Any CPU = Release|Any CPU
	EndGlobalSection
	GlobalSection(ProjectConfigurationPlatforms) = postSolution
		{7AD9E14D-C0BC-47C0-89F3-F0192F3E158E}.Debug|Any CPU.ActiveCfg = Debug|Any CPU
		{7AD9E14D-C0BC-47C0-89F3-F0192F3E158E}.Debug|Any CPU.Build.0 = Debug|Any CPU
		{7AD9E14D-C0BC-47C0-89F3-F0192F3E158E}.Release|Any CPU.ActiveCfg = Release|Any CPU
		{7AD9E14D-C0BC-47C0-89F3-F0192F3E158E}.Release|Any CPU.Build.0 = Release|Any CPU
	EndGlobalSection
	GlobalSection(SolutionProperties) = preSolution
		HideSolutionNode = FALSE
	EndGlobalSection
	GlobalSection(ExtensibilityGlobals) = postSolution
		SolutionGuid = {4D72BFFF-F10F-48F8-BF23-DA4C0ADAFEF9}
	EndGlobalSection
EndGlobal
